dependencies:
- name: postgresql
  repository: https://charts.bitnami.com/bitnami
  version: 12.12.10
- name: common
  repository: https://charts.bitnami.com/bitnami
  version: 2.12.0
digest: sha256:d8d577a0608d8a0560dfdd505232aec512ea4c2072fa6a64fdfa02619c942879
generated: "2023-09-27T21:25:10.662739599+02:00"
