dependencies:
- name: postgresql
  repository: https://charts.bitnami.com/bitnami
  version: 12.1.0
- name: common
  repository: https://charts.bitnami.com/bitnami
  version: 2.1.2
digest: sha256:88ecb9efd3bd0b89a26cc7a6da07d64701faac8ee454ee49ffcfb81e6c2271bf
generated: "2022-11-06T18:35:46.237734378+01:00"
