dependencies:
- name: postgresql
  repository: https://charts.bitnami.com/bitnami
  version: 16.7.27
- name: common
  repository: https://charts.bitnami.com/bitnami
  version: 2.31.4
digest: sha256:e3e5784487e8764f4374d8902603be0dda87999d85fb670d17d0145bf555ccd7
generated: "2025-10-30T21:03:08.731673554+01:00"
